
Microsoft Visual Studio Solution File, Format Version 12.00
# Visual Studio Version 17
VisualStudioVersion = 17.0.31919.166
MinimumVisualStudioVersion = 10.0.40219.1
Project("{8BC9CEB8-8B4A-11D0-8D11-00A0C91BC942}") = "informatyka zad pary", "informatyka zad pary\informatyka zad pary.vcxproj", "{2C50FD37-0623-4504-8956-370595B80392}"
EndProject
Global
	GlobalSection(SolutionConfigurationPlatforms) = preSolution
		Debug|x64 = Debug|x64
		Debug|x86 = Debug|x86
		Release|x64 = Release|x64
		Release|x86 = Release|x86
	EndGlobalSection
	GlobalSection(ProjectConfigurationPlatforms) = postSolution
		{2C50FD37-0623-4504-8956-370595B80392}.Debug|x64.ActiveCfg = Debug|x64
		{2C50FD37-0623-4504-8956-370595B80392}.Debug|x64.Build.0 = Debug|x64
		{2C50FD37-0623-4504-8956-370595B80392}.Debug|x86.ActiveCfg = Debug|Win32
		{2C50FD37-0623-4504-8956-370595B80392}.Debug|x86.Build.0 = Debug|Win32
		{2C50FD37-0623-4504-8956-370595B80392}.Release|x64.ActiveCfg = Release|x64
		{2C50FD37-0623-4504-8956-370595B80392}.Release|x64.Build.0 = Release|x64
		{2C50FD37-0623-4504-8956-370595B80392}.Release|x86.ActiveCfg = Release|Win32
		{2C50FD37-0623-4504-8956-370595B80392}.Release|x86.Build.0 = Release|Win32
	EndGlobalSection
	GlobalSection(SolutionProperties) = preSolution
		HideSolutionNode = FALSE
	EndGlobalSection
	GlobalSection(ExtensibilityGlobals) = postSolution
		SolutionGuid = {CF0CBAC7-E5E6-4B85-A65E-1C2C1BB197AF}
	EndGlobalSection
EndGlobal
